
Microsoft Visual Studio Solution File, Format Version 12.00
# Visual Studio Version 17
VisualStudioVersion = 17.7.34024.191
MinimumVisualStudioVersion = 10.0.40219.1
Project("{9A19103F-16F7-4668-BE54-9A1E7A4F7556}") = "GDSwithREST", "MinAPI\GDSwithREST.csproj", "{BE56E6C4-A865-479D-AC0D-5B19DCBF8E14}"
EndProject
Project("{E53339B2-1760-4266-BCC7-CA923CBCF16C}") = "docker-compose", "docker-compose.dcproj", "{A59DB2AB-67B6-4606-B71E-240C07C713B7}"
EndProject
Global
	GlobalSection(SolutionConfigurationPlatforms) = preSolution
		Debug|Any CPU = Debug|Any CPU
		Release|Any CPU = Release|Any CPU
	EndGlobalSection
	GlobalSection(ProjectConfigurationPlatforms) = postSolution
		{BE56E6C4-A865-479D-AC0D-5B19DCBF8E14}.Debug|Any CPU.ActiveCfg = Debug|Any CPU
		{BE56E6C4-A865-479D-AC0D-5B19DCBF8E14}.Debug|Any CPU.Build.0 = Debug|Any CPU
		{BE56E6C4-A865-479D-AC0D-5B19DCBF8E14}.Release|Any CPU.ActiveCfg = Release|Any CPU
		{BE56E6C4-A865-479D-AC0D-5B19DCBF8E14}.Release|Any CPU.Build.0 = Release|Any CPU
		{A59DB2AB-67B6-4606-B71E-240C07C713B7}.Debug|Any CPU.ActiveCfg = Debug|Any CPU
		{A59DB2AB-67B6-4606-B71E-240C07C713B7}.Debug|Any CPU.Build.0 = Debug|Any CPU
		{A59DB2AB-67B6-4606-B71E-240C07C713B7}.Release|Any CPU.ActiveCfg = Release|Any CPU
		{A59DB2AB-67B6-4606-B71E-240C07C713B7}.Release|Any CPU.Build.0 = Release|Any CPU
	EndGlobalSection
	GlobalSection(SolutionProperties) = preSolution
		HideSolutionNode = FALSE
	EndGlobalSection
	GlobalSection(ExtensibilityGlobals) = postSolution
		SolutionGuid = {DEEB8C52-20DF-425A-808A-5496BA348EEE}
	EndGlobalSection
EndGlobal
